// !$*UTF8*$!
{
	archiveVersion = 1;
	classes = {
	};
	objectVersion = 56;
	objects = {

/* Begin PBXBuildFile section */
		7B3F35CB2BEA2E93006EC524 /* Item.swift in Sources */ = {isa = PBXBuildFile; fileRef = 7B3F35CA2BEA2E93006EC524 /* Item.swift */; };
		7B3F35CD2BEA2F22006EC524 /* ItemList.swift in Sources */ = {isa = PBXBuildFile; fileRef = 7B3F35CC2BEA2F22006EC524 /* ItemList.swift */; };
		7B40FCE02BE0E84B009836BB /* HomeViewController.swift in Sources */ = {isa = PBXBuildFile; fileRef = 7B40FCDF2BE0E84B009836BB /* HomeViewController.swift */; };
		7B5140EB2BEA462B00EADF9F /* ItemTableViewCellTwo.xib in Resources */ = {isa = PBXBuildFile; fileRef = 7B5140EA2BEA462B00EADF9F /* ItemTableViewCellTwo.xib */; };
		7B5140EC2BEA462B00EADF9F /* ItemTableViewCellTwo.swift in Sources */ = {isa = PBXBuildFile; fileRef = 7B5140E92BEA462B00EADF9F /* ItemTableViewCellTwo.swift */; };
		7B64ED782BE157B900432857 /* ItemTableViewCell.swift in Sources */ = {isa = PBXBuildFile; fileRef = 7B64ED772BE157B900432857 /* ItemTableViewCell.swift */; };
		7B64ED7A2BE157BD00432857 /* ItemTableViewCell.xib in Resources */ = {isa = PBXBuildFile; fileRef = 7B64ED792BE157BD00432857 /* ItemTableViewCell.xib */; };
		7BDC82872BDF99D8008BCB12 /* AppDelegate.swift in Sources */ = {isa = PBXBuildFile; fileRef = 7BDC82862BDF99D8008BCB12 /* AppDelegate.swift */; };
		7BDC82892BDF99D8008BCB12 /* SceneDelegate.swift in Sources */ = {isa = PBXBuildFile; fileRef = 7BDC82882BDF99D8008BCB12 /* SceneDelegate.swift */; };
		7BDC828E2BDF99D8008BCB12 /* Base in Resources */ = {isa = PBXBuildFile; fileRef = 7BDC828D2BDF99D8008BCB12 /* Base */; };
		7BDC82902BDF99D9008BCB12 /* Assets.xcassets in Resources */ = {isa = PBXBuildFile; fileRef = 7BDC828F2BDF99D9008BCB12 /* Assets.xcassets */; };
		7BDC82932BDF99D9008BCB12 /* Base in Resources */ = {isa = PBXBuildFile; fileRef = 7BDC82922BDF99D9008BCB12 /* Base */; };
		7BDC829E2BDF99DA008BCB12 /* CarrotMarketTests.swift in Sources */ = {isa = PBXBuildFile; fileRef = 7BDC829D2BDF99DA008BCB12 /* CarrotMarketTests.swift */; };
		7BDC82A82BDF99DA008BCB12 /* CarrotMarketUITests.swift in Sources */ = {isa = PBXBuildFile; fileRef = 7BDC82A72BDF99DA008BCB12 /* CarrotMarketUITests.swift */; };
		7BDC82AA2BDF99DA008BCB12 /* CarrotMarketUITestsLaunchTests.swift in Sources */ = {isa = PBXBuildFile; fileRef = 7BDC82A92BDF99DA008BCB12 /* CarrotMarketUITestsLaunchTests.swift */; };
/* End PBXBuildFile section */

/* Begin PBXContainerItemProxy section */
		7BDC829A2BDF99DA008BCB12 /* PBXContainerItemProxy */ = {
			isa = PBXContainerItemProxy;
			containerPortal = 7BDC827B2BDF99D8008BCB12 /* Project object */;
			proxyType = 1;
			remoteGlobalIDString = 7BDC82822BDF99D8008BCB12;
			remoteInfo = CarrotMarket;
		};
		7BDC82A42BDF99DA008BCB12 /* PBXContainerItemProxy */ = {
			isa = PBXContainerItemProxy;
			containerPortal = 7BDC827B2BDF99D8008BCB12 /* Project object */;
			proxyType = 1;
			remoteGlobalIDString = 7BDC82822BDF99D8008BCB12;
			remoteInfo = CarrotMarket;
		};
/* End PBXContainerItemProxy section */

/* Begin PBXFileReference section */
		7B3F35CA2BEA2E93006EC524 /* Item.swift */ = {isa = PBXFileReference; lastKnownFileType = sourcecode.swift; path = Item.swift; sourceTree = "<group>"; };
		7B3F35CC2BEA2F22006EC524 /* ItemList.swift */ = {isa = PBXFileReference; lastKnownFileType = sourcecode.swift; path = ItemList.swift; sourceTree = "<group>"; };
		7B40FCDF2BE0E84B009836BB /* HomeViewController.swift */ = {isa = PBXFileReference; lastKnownFileType = sourcecode.swift; path = HomeViewController.swift; sourceTree = "<group>"; };
		7B5140E92BEA462B00EADF9F /* ItemTableViewCellTwo.swift */ = {isa = PBXFileReference; lastKnownFileType = sourcecode.swift; path = ItemTableViewCellTwo.swift; sourceTree = "<group>"; };
		7B5140EA2BEA462B00EADF9F /* ItemTableViewCellTwo.xib */ = {isa = PBXFileReference; lastKnownFileType = file.xib; path = ItemTableViewCellTwo.xib; sourceTree = "<group>"; };
		7B64ED772BE157B900432857 /* ItemTableViewCell.swift */ = {isa = PBXFileReference; fileEncoding = 4; lastKnownFileType = sourcecode.swift; path = ItemTableViewCell.swift; sourceTree = "<group>"; };
		7B64ED792BE157BD00432857 /* ItemTableViewCell.xib */ = {isa = PBXFileReference; fileEncoding = 4; lastKnownFileType = file.xib; path = ItemTableViewCell.xib; sourceTree = "<group>"; };
		7BDC82832BDF99D8008BCB12 /* CarrotMarket.app */ = {isa = PBXFileReference; explicitFileType = wrapper.application; includeInIndex = 0; path = CarrotMarket.app; sourceTree = BUILT_PRODUCTS_DIR; };
		7BDC82862BDF99D8008BCB12 /* AppDelegate.swift */ = {isa = PBXFileReference; lastKnownFileType = sourcecode.swift; path = AppDelegate.swift; sourceTree = "<group>"; };
		7BDC82882BDF99D8008BCB12 /* SceneDelegate.swift */ = {isa = PBXFileReference; lastKnownFileType = sourcecode.swift; path = SceneDelegate.swift; sourceTree = "<group>"; };
		7BDC828D2BDF99D8008BCB12 /* Base */ = {isa = PBXFileReference; lastKnownFileType = file.storyboard; name = Base; path = Base.lproj/Main.storyboard; sourceTree = "<group>"; };
		7BDC828F2BDF99D9008BCB12 /* Assets.xcassets */ = {isa = PBXFileReference; lastKnownFileType = folder.assetcatalog; path = Assets.xcassets; sourceTree = "<group>"; };
		7BDC82922BDF99D9008BCB12 /* Base */ = {isa = PBXFileReference; lastKnownFileType = file.storyboard; name = Base; path = Base.lproj/LaunchScreen.storyboard; sourceTree = "<group>"; };
		7BDC82942BDF99D9008BCB12 /* Info.plist */ = {isa = PBXFileReference; lastKnownFileType = text.plist.xml; path = Info.plist; sourceTree = "<group>"; };
		7BDC82992BDF99DA008BCB12 /* CarrotMarketTests.xctest */ = {isa = PBXFileReference; explicitFileType = wrapper.cfbundle; includeInIndex = 0; path = CarrotMarketTests.xctest; sourceTree = BUILT_PRODUCTS_DIR; };
		7BDC829D2BDF99DA008BCB12 /* CarrotMarketTests.swift */ = {isa = PBXFileReference; lastKnownFileType = sourcecode.swift; path = CarrotMarketTests.swift; sourceTree = "<group>"; };
		7BDC82A32BDF99DA008BCB12 /* CarrotMarketUITests.xctest */ = {isa = PBXFileReference; explicitFileType = wrapper.cfbundle; includeInIndex = 0; path = CarrotMarketUITests.xctest; sourceTree = BUILT_PRODUCTS_DIR; };
		7BDC82A72BDF99DA008BCB12 /* CarrotMarketUITests.swift */ = {isa = PBXFileReference; lastKnownFileType = sourcecode.swift; path = CarrotMarketUITests.swift; sourceTree = "<group>"; };
		7BDC82A92BDF99DA008BCB12 /* CarrotMarketUITestsLaunchTests.swift */ = {isa = PBXFileReference; lastKnownFileType = sourcecode.swift; path = CarrotMarketUITestsLaunchTests.swift; sourceTree = "<group>"; };
/* End PBXFileReference section */

/* Begin PBXFrameworksBuildPhase section */
		7BDC82802BDF99D8008BCB12 /* Frameworks */ = {
			isa = PBXFrameworksBuildPhase;
			buildActionMask = 2147483647;
			files = (
			);
			runOnlyForDeploymentPostprocessing = 0;
		};
		7BDC82962BDF99DA008BCB12 /* Frameworks */ = {
			isa = PBXFrameworksBuildPhase;
			buildActionMask = 2147483647;
			files = (
			);
			runOnlyForDeploymentPostprocessing = 0;
		};
		7BDC82A02BDF99DA008BCB12 /* Frameworks */ = {
			isa = PBXFrameworksBuildPhase;
			buildActionMask = 2147483647;
			files = (
			);
			runOnlyForDeploymentPostprocessing = 0;
		};
/* End PBXFrameworksBuildPhase section */

/* Begin PBXGroup section */
		7B40FCD52BE0E60F009836BB /* Home */ = {
			isa = PBXGroup;
			children = (
				7B40FCD62BE0E618009836BB /* Cell */,
				7B40FCDF2BE0E84B009836BB /* HomeViewController.swift */,
				7B3F35CC2BEA2F22006EC524 /* ItemList.swift */,
				7B3F35CA2BEA2E93006EC524 /* Item.swift */,
			);
			path = Home;
			sourceTree = "<group>";
		};
		7B40FCD62BE0E618009836BB /* Cell */ = {
			isa = PBXGroup;
			children = (
				7B64ED772BE157B900432857 /* ItemTableViewCell.swift */,
				7B64ED792BE157BD00432857 /* ItemTableViewCell.xib */,
				7B5140E92BEA462B00EADF9F /* ItemTableViewCellTwo.swift */,
				7B5140EA2BEA462B00EADF9F /* ItemTableViewCellTwo.xib */,
			);
			path = Cell;
			sourceTree = "<group>";
		};
		7BDC827A2BDF99D8008BCB12 = {
			isa = PBXGroup;
			children = (
				7BDC82852BDF99D8008BCB12 /* CarrotMarket */,
				7BDC829C2BDF99DA008BCB12 /* CarrotMarketTests */,
				7BDC82A62BDF99DA008BCB12 /* CarrotMarketUITests */,
				7BDC82842BDF99D8008BCB12 /* Products */,
			);
			sourceTree = "<group>";
		};
		7BDC82842BDF99D8008BCB12 /* Products */ = {
			isa = PBXGroup;
			children = (
				7BDC82832BDF99D8008BCB12 /* CarrotMarket.app */,
				7BDC82992BDF99DA008BCB12 /* CarrotMarketTests.xctest */,
				7BDC82A32BDF99DA008BCB12 /* CarrotMarketUITests.xctest */,
			);
			name = Products;
			sourceTree = "<group>";
		};
		7BDC82852BDF99D8008BCB12 /* CarrotMarket */ = {
			isa = PBXGroup;
			children = (
				7B40FCD52BE0E60F009836BB /* Home */,
				7BDC82862BDF99D8008BCB12 /* AppDelegate.swift */,
				7BDC82882BDF99D8008BCB12 /* SceneDelegate.swift */,
				7BDC828C2BDF99D8008BCB12 /* Main.storyboard */,
				7BDC828F2BDF99D9008BCB12 /* Assets.xcassets */,
				7BDC82912BDF99D9008BCB12 /* LaunchScreen.storyboard */,
				7BDC82942BDF99D9008BCB12 /* Info.plist */,
			);
			path = CarrotMarket;
			sourceTree = "<group>";
		};
		7BDC829C2BDF99DA008BCB12 /* CarrotMarketTests */ = {
			isa = PBXGroup;
			children = (
				7BDC829D2BDF99DA008BCB12 /* CarrotMarketTests.swift */,
			);
			path = CarrotMarketTests;
			sourceTree = "<group>";
		};
		7BDC82A62BDF99DA008BCB12 /* CarrotMarketUITests */ = {
			isa = PBXGroup;
			children = (
				7BDC82A72BDF99DA008BCB12 /* CarrotMarketUITests.swift */,
				7BDC82A92BDF99DA008BCB12 /* CarrotMarketUITestsLaunchTests.swift */,
			);
			path = CarrotMarketUITests;
			sourceTree = "<group>";
		};
/* End PBXGroup section */

/* Begin PBXNativeTarget section */
		7BDC82822BDF99D8008BCB12 /* CarrotMarket */ = {
			isa = PBXNativeTarget;
			buildConfigurationList = 7BDC82AD2BDF99DA008BCB12 /* Build configuration list for PBXNativeTarget "CarrotMarket" */;
			buildPhases = (
				7BDC827F2BDF99D8008BCB12 /* Sources */,
				7BDC82802BDF99D8008BCB12 /* Frameworks */,
				7BDC82812BDF99D8008BCB12 /* Resources */,
			);
			buildRules = (
			);
			dependencies = (
			);
			name = CarrotMarket;
			productName = CarrotMarket;
			productReference = 7BDC82832BDF99D8008BCB12 /* CarrotMarket.app */;
			productType = "com.apple.product-type.application";
		};
		7BDC82982BDF99DA008BCB12 /* CarrotMarketTests */ = {
			isa = PBXNativeTarget;
			buildConfigurationList = 7BDC82B02BDF99DA008BCB12 /* Build configuration list for PBXNativeTarget "CarrotMarketTests" */;
			buildPhases = (
				7BDC82952BDF99DA008BCB12 /* Sources */,
				7BDC82962BDF99DA008BCB12 /* Frameworks */,
				7BDC82972BDF99DA008BCB12 /* Resources */,
			);
			buildRules = (
			);
			dependencies = (
				7BDC829B2BDF99DA008BCB12 /* PBXTargetDependency */,
			);
			name = CarrotMarketTests;
			productName = CarrotMarketTests;
			productReference = 7BDC82992BDF99DA008BCB12 /* CarrotMarketTests.xctest */;
			productType = "com.apple.product-type.bundle.unit-test";
		};
		7BDC82A22BDF99DA008BCB12 /* CarrotMarketUITests */ = {
			isa = PBXNativeTarget;
			buildConfigurationList = 7BDC82B32BDF99DA008BCB12 /* Build configuration list for PBXNativeTarget "CarrotMarketUITests" */;
			buildPhases = (
				7BDC829F2BDF99DA008BCB12 /* Sources */,
				7BDC82A02BDF99DA008BCB12 /* Frameworks */,
				7BDC82A12BDF99DA008BCB12 /* Resources */,
			);
			buildRules = (
			);
			dependencies = (
				7BDC82A52BDF99DA008BCB12 /* PBXTargetDependency */,
			);
			name = CarrotMarketUITests;
			productName = CarrotMarketUITests;
			productReference = 7BDC82A32BDF99DA008BCB12 /* CarrotMarketUITests.xctest */;
			productType = "com.apple.product-type.bundle.ui-testing";
		};
/* End PBXNativeTarget section */

/* Begin PBXProject section */
		7BDC827B2BDF99D8008BCB12 /* Project object */ = {
			isa = PBXProject;
			attributes = {
				BuildIndependentTargetsInParallel = 1;
				LastSwiftUpdateCheck = 1530;
				LastUpgradeCheck = 1530;
				TargetAttributes = {
					7BDC82822BDF99D8008BCB12 = {
						CreatedOnToolsVersion = 15.3;
					};
					7BDC82982BDF99DA008BCB12 = {
						CreatedOnToolsVersion = 15.3;
						TestTargetID = 7BDC82822BDF99D8008BCB12;
					};
					7BDC82A22BDF99DA008BCB12 = {
						CreatedOnToolsVersion = 15.3;
						TestTargetID = 7BDC82822BDF99D8008BCB12;
					};
				};
			};
			buildConfigurationList = 7BDC827E2BDF99D8008BCB12 /* Build configuration list for PBXProject "CarrotMarket" */;
			compatibilityVersion = "Xcode 14.0";
			developmentRegion = en;
			hasScannedForEncodings = 0;
			knownRegions = (
				en,
				Base,
			);
			mainGroup = 7BDC827A2BDF99D8008BCB12;
			productRefGroup = 7BDC82842BDF99D8008BCB12 /* Products */;
			projectDirPath = "";
			projectRoot = "";
			targets = (
				7BDC82822BDF99D8008BCB12 /* CarrotMarket */,
				7BDC82982BDF99DA008BCB12 /* CarrotMarketTests */,
				7BDC82A22BDF99DA008BCB12 /* CarrotMarketUITests */,
			);
		};
/* End PBXProject section */

/* Begin PBXResourcesBuildPhase section */
		7BDC82812BDF99D8008BCB12 /* Resources */ = {
			isa = PBXResourcesBuildPhase;
			buildActionMask = 2147483647;
			files = (
				7B64ED7A2BE157BD00432857 /* ItemTableViewCell.xib in Resources */,
				7BDC82902BDF99D9008BCB12 /* Assets.xcassets in Resources */,
				7BDC82932BDF99D9008BCB12 /* Base in Resources */,
				7BDC828E2BDF99D8008BCB12 /* Base in Resources */,
				7B5140EB2BEA462B00EADF9F /* ItemTableViewCellTwo.xib in Resources */,
			);
			runOnlyForDeploymentPostprocessing = 0;
		};
		7BDC82972BDF99DA008BCB12 /* Resources */ = {
			isa = PBXResourcesBuildPhase;
			buildActionMask = 2147483647;
			files = (
			);
			runOnlyForDeploymentPostprocessing = 0;
		};
		7BDC82A12BDF99DA008BCB12 /* Resources */ = {
			isa = PBXResourcesBuildPhase;
			buildActionMask = 2147483647;
			files = (
			);
			runOnlyForDeploymentPostprocessing = 0;
		};
/* End PBXResourcesBuildPhase section */

/* Begin PBXSourcesBuildPhase section */
		7BDC827F2BDF99D8008BCB12 /* Sources */ = {
			isa = PBXSourcesBuildPhase;
			buildActionMask = 2147483647;
			files = (
				7B3F35CB2BEA2E93006EC524 /* Item.swift in Sources */,
				7B64ED782BE157B900432857 /* ItemTableViewCell.swift in Sources */,
				7BDC82872BDF99D8008BCB12 /* AppDelegate.swift in Sources */,
				7BDC82892BDF99D8008BCB12 /* SceneDelegate.swift in Sources */,
				7B3F35CD2BEA2F22006EC524 /* ItemList.swift in Sources */,
				7B5140EC2BEA462B00EADF9F /* ItemTableViewCellTwo.swift in Sources */,
				7B40FCE02BE0E84B009836BB /* HomeViewController.swift in Sources */,
			);
			runOnlyForDeploymentPostprocessing = 0;
		};
		7BDC82952BDF99DA008BCB12 /* Sources */ = {
			isa = PBXSourcesBuildPhase;
			buildActionMask = 2147483647;
			files = (
				7BDC829E2BDF99DA008BCB12 /* CarrotMarketTests.swift in Sources */,
			);
			runOnlyForDeploymentPostprocessing = 0;
		};
		7BDC829F2BDF99DA008BCB12 /* Sources */ = {
			isa = PBXSourcesBuildPhase;
			buildActionMask = 2147483647;
			files = (
				7BDC82A82BDF99DA008BCB12 /* CarrotMarketUITests.swift in Sources */,
				7BDC82AA2BDF99DA008BCB12 /* CarrotMarketUITestsLaunchTests.swift in Sources */,
			);
			runOnlyForDeploymentPostprocessing = 0;
		};
/* End PBXSourcesBuildPhase section */

/* Begin PBXTargetDependency section */
		7BDC829B2BDF99DA008BCB12 /* PBXTargetDependency */ = {
			isa = PBXTargetDependency;
			target = 7BDC82822BDF99D8008BCB12 /* CarrotMarket */;
			targetProxy = 7BDC829A2BDF99DA008BCB12 /* PBXContainerItemProxy */;
		};
		7BDC82A52BDF99DA008BCB12 /* PBXTargetDependency */ = {
			isa = PBXTargetDependency;
			target = 7BDC82822BDF99D8008BCB12 /* CarrotMarket */;
			targetProxy = 7BDC82A42BDF99DA008BCB12 /* PBXContainerItemProxy */;
		};
/* End PBXTargetDependency section */

/* Begin PBXVariantGroup section */
		7BDC828C2BDF99D8008BCB12 /* Main.storyboard */ = {
			isa = PBXVariantGroup;
			children = (
				7BDC828D2BDF99D8008BCB12 /* Base */,
			);
			name = Main.storyboard;
			sourceTree = "<group>";
		};
		7BDC82912BDF99D9008BCB12 /* LaunchScreen.storyboard */ = {
			isa = PBXVariantGroup;
			children = (
				7BDC82922BDF99D9008BCB12 /* Base */,
			);
			name = LaunchScreen.storyboard;
			sourceTree = "<group>";
		};
/* End PBXVariantGroup section */

/* Begin XCBuildConfiguration section */
		7BDC82AB2BDF99DA008BCB12 /* Debug */ = {
			isa = XCBuildConfiguration;
			buildSettings = {
				ALWAYS_SEARCH_USER_PATHS = NO;
				ASSETCATALOG_COMPILER_GENERATE_SWIFT_ASSET_SYMBOL_EXTENSIONS = YES;
				CLANG_ANALYZER_NONNULL = YES;
				CLANG_ANALYZER_NUMBER_OBJECT_CONVERSION = YES_AGGRESSIVE;
				CLANG_CXX_LANGUAGE_STANDARD = "gnu++20";
				CLANG_ENABLE_MODULES = YES;
				CLANG_ENABLE_OBJC_ARC = YES;
				CLANG_ENABLE_OBJC_WEAK = YES;
				CLANG_WARN_BLOCK_CAPTURE_AUTORELEASING = YES;
				CLANG_WARN_BOOL_CONVERSION = YES;
				CLANG_WARN_COMMA = YES;
				CLANG_WARN_CONSTANT_CONVERSION = YES;
				CLANG_WARN_DEPRECATED_OBJC_IMPLEMENTATIONS = YES;
				CLANG_WARN_DIRECT_OBJC_ISA_USAGE = YES_ERROR;
				CLANG_WARN_DOCUMENTATION_COMMENTS = YES;
				CLANG_WARN_EMPTY_BODY = YES;
				CLANG_WARN_ENUM_CONVERSION = YES;
				CLANG_WARN_INFINITE_RECURSION = YES;
				CLANG_WARN_INT_CONVERSION = YES;
				CLANG_WARN_NON_LITERAL_NULL_CONVERSION = YES;
				CLANG_WARN_OBJC_IMPLICIT_RETAIN_SELF = YES;
				CLANG_WARN_OBJC_LITERAL_CONVERSION = YES;
				CLANG_WARN_OBJC_ROOT_CLASS = YES_ERROR;
				CLANG_WARN_QUOTED_INCLUDE_IN_FRAMEWORK_HEADER = YES;
				CLANG_WARN_RANGE_LOOP_ANALYSIS = YES;
				CLANG_WARN_STRICT_PROTOTYPES = YES;
				CLANG_WARN_SUSPICIOUS_MOVE = YES;
				CLANG_WARN_UNGUARDED_AVAILABILITY = YES_AGGRESSIVE;
				CLANG_WARN_UNREACHABLE_CODE = YES;
				CLANG_WARN__DUPLICATE_METHOD_MATCH = YES;
				COPY_PHASE_STRIP = NO;
				DEBUG_INFORMATION_FORMAT = dwarf;
				ENABLE_STRICT_OBJC_MSGSEND = YES;
				ENABLE_TESTABILITY = YES;
				ENABLE_USER_SCRIPT_SANDBOXING = YES;
				GCC_C_LANGUAGE_STANDARD = gnu17;
				GCC_DYNAMIC_NO_PIC = NO;
				GCC_NO_COMMON_BLOCKS = YES;
				GCC_OPTIMIZATION_LEVEL = 0;
				GCC_PREPROCESSOR_DEFINITIONS = (
					"DEBUG=1",
					"$(inherited)",
				);
				GCC_WARN_64_TO_32_BIT_CONVERSION = YES;
				GCC_WARN_ABOUT_RETURN_TYPE = YES_ERROR;
				GCC_WARN_UNDECLARED_SELECTOR = YES;
				GCC_WARN_UNINITIALIZED_AUTOS = YES_AGGRESSIVE;
				GCC_WARN_UNUSED_FUNCTION = YES;
				GCC_WARN_UNUSED_VARIABLE = YES;
				IPHONEOS_DEPLOYMENT_TARGET = 17.4;
				LOCALIZATION_PREFERS_STRING_CATALOGS = YES;
				MTL_ENABLE_DEBUG_INFO = INCLUDE_SOURCE;
				MTL_FAST_MATH = YES;
				ONLY_ACTIVE_ARCH = YES;
				SDKROOT = iphoneos;
				SWIFT_ACTIVE_COMPILATION_CONDITIONS = "DEBUG $(inherited)";
				SWIFT_OPTIMIZATION_LEVEL = "-Onone";
			};
			name = Debug;
		};
		7BDC82AC2BDF99DA008BCB12 /* Release */ = {
			isa = XCBuildConfiguration;
			buildSettings = {
				ALWAYS_SEARCH_USER_PATHS = NO;
				ASSETCATALOG_COMPILER_GENERATE_SWIFT_ASSET_SYMBOL_EXTENSIONS = YES;
				CLANG_ANALYZER_NONNULL = YES;
				CLANG_ANALYZER_NUMBER_OBJECT_CONVERSION = YES_AGGRESSIVE;
				CLANG_CXX_LANGUAGE_STANDARD = "gnu++20";
				CLANG_ENABLE_MODULES = YES;
				CLANG_ENABLE_OBJC_ARC = YES;
				CLANG_ENABLE_OBJC_WEAK = YES;
				CLANG_WARN_BLOCK_CAPTURE_AUTORELEASING = YES;
				CLANG_WARN_BOOL_CONVERSION = YES;
				CLANG_WARN_COMMA = YES;
				CLANG_WARN_CONSTANT_CONVERSION = YES;
				CLANG_WARN_DEPRECATED_OBJC_IMPLEMENTATIONS = YES;
				CLANG_WARN_DIRECT_OBJC_ISA_USAGE = YES_ERROR;
				CLANG_WARN_DOCUMENTATION_COMMENTS = YES;
				CLANG_WARN_EMPTY_BODY = YES;
				CLANG_WARN_ENUM_CONVERSION = YES;
				CLANG_WARN_INFINITE_RECURSION = YES;
				CLANG_WARN_INT_CONVERSION = YES;
				CLANG_WARN_NON_LITERAL_NULL_CONVERSION = YES;
				CLANG_WARN_OBJC_IMPLICIT_RETAIN_SELF = YES;
				CLANG_WARN_OBJC_LITERAL_CONVERSION = YES;
				CLANG_WARN_OBJC_ROOT_CLASS = YES_ERROR;
				CLANG_WARN_QUOTED_INCLUDE_IN_FRAMEWORK_HEADER = YES;
				CLANG_WARN_RANGE_LOOP_ANALYSIS = YES;
				CLANG_WARN_STRICT_PROTOTYPES = YES;
				CLANG_WARN_SUSPICIOUS_MOVE = YES;
				CLANG_WARN_UNGUARDED_AVAILABILITY = YES_AGGRESSIVE;
				CLANG_WARN_UNREACHABLE_CODE = YES;
				CLANG_WARN__DUPLICATE_METHOD_MATCH = YES;
				COPY_PHASE_STRIP = NO;
				DEBUG_INFORMATION_FORMAT = "dwarf-with-dsym";
				ENABLE_NS_ASSERTIONS = NO;
				ENABLE_STRICT_OBJC_MSGSEND = YES;
				ENABLE_USER_SCRIPT_SANDBOXING = YES;
				GCC_C_LANGUAGE_STANDARD = gnu17;
				GCC_NO_COMMON_BLOCKS = YES;
				GCC_WARN_64_TO_32_BIT_CONVERSION = YES;
				GCC_WARN_ABOUT_RETURN_TYPE = YES_ERROR;
				GCC_WARN_UNDECLARED_SELECTOR = YES;
				GCC_WARN_UNINITIALIZED_AUTOS = YES_AGGRESSIVE;
				GCC_WARN_UNUSED_FUNCTION = YES;
				GCC_WARN_UNUSED_VARIABLE = YES;
				IPHONEOS_DEPLOYMENT_TARGET = 17.4;
				LOCALIZATION_PREFERS_STRING_CATALOGS = YES;
				MTL_ENABLE_DEBUG_INFO = NO;
				MTL_FAST_MATH = YES;
				SDKROOT = iphoneos;
				SWIFT_COMPILATION_MODE = wholemodule;
				VALIDATE_PRODUCT = YES;
			};
			name = Release;
		};
		7BDC82AE2BDF99DA008BCB12 /* Debug */ = {
			isa = XCBuildConfiguration;
			buildSettings = {
				ASSETCATALOG_COMPILER_APPICON_NAME = AppIcon;
				ASSETCATALOG_COMPILER_GLOBAL_ACCENT_COLOR_NAME = AccentColor;
				CODE_SIGN_STYLE = Automatic;
				CURRENT_PROJECT_VERSION = 1;
				GENERATE_INFOPLIST_FILE = YES;
				INFOPLIST_FILE = CarrotMarket/Info.plist;
				INFOPLIST_KEY_UIApplicationSupportsIndirectInputEvents = YES;
				INFOPLIST_KEY_UILaunchStoryboardName = LaunchScreen;
				INFOPLIST_KEY_UIMainStoryboardFile = Main;
				INFOPLIST_KEY_UISupportedInterfaceOrientations_iPad = "UIInterfaceOrientationPortrait UIInterfaceOrientationPortraitUpsideDown UIInterfaceOrientationLandscapeLeft UIInterfaceOrientationLandscapeRight";
				INFOPLIST_KEY_UISupportedInterfaceOrientations_iPhone = "UIInterfaceOrientationPortrait UIInterfaceOrientationLandscapeLeft UIInterfaceOrientationLandscapeRight";
				LD_RUNPATH_SEARCH_PATHS = (
					"$(inherited)",
					"@executable_path/Frameworks",
				);
				MARKETING_VERSION = 1.0;
				PRODUCT_BUNDLE_IDENTIFIER = KKM.CarrotMarket;
				PRODUCT_NAME = "$(TARGET_NAME)";
				SWIFT_EMIT_LOC_STRINGS = YES;
				SWIFT_VERSION = 5.0;
				TARGETED_DEVICE_FAMILY = "1,2";
			};
			name = Debug;
		};
		7BDC82AF2BDF99DA008BCB12 /* Release */ = {
			isa = XCBuildConfiguration;
			buildSettings = {
				ASSETCATALOG_COMPILER_APPICON_NAME = AppIcon;
				ASSETCATALOG_COMPILER_GLOBAL_ACCENT_COLOR_NAME = AccentColor;
				CODE_SIGN_STYLE = Automatic;
				CURRENT_PROJECT_VERSION = 1;
				GENERATE_INFOPLIST_FILE = YES;
				INFOPLIST_FILE = CarrotMarket/Info.plist;
				INFOPLIST_KEY_UIApplicationSupportsIndirectInputEvents = YES;
				INFOPLIST_KEY_UILaunchStoryboardName = LaunchScreen;
				INFOPLIST_KEY_UIMainStoryboardFile = Main;
				INFOPLIST_KEY_UISupportedInterfaceOrientations_iPad = "UIInterfaceOrientationPortrait UIInterfaceOrientationPortraitUpsideDown UIInterfaceOrientationLandscapeLeft UIInterfaceOrientationLandscapeRight";
				INFOPLIST_KEY_UISupportedInterfaceOrientations_iPhone = "UIInterfaceOrientationPortrait UIInterfaceOrientationLandscapeLeft UIInterfaceOrientationLandscapeRight";
				LD_RUNPATH_SEARCH_PATHS = (
					"$(inherited)",
					"@executable_path/Frameworks",
				);
				MARKETING_VERSION = 1.0;
				PRODUCT_BUNDLE_IDENTIFIER = KKM.CarrotMarket;
				PRODUCT_NAME = "$(TARGET_NAME)";
				SWIFT_EMIT_LOC_STRINGS = YES;
				SWIFT_VERSION = 5.0;
				TARGETED_DEVICE_FAMILY = "1,2";
			};
			name = Release;
		};
		7BDC82B12BDF99DA008BCB12 /* Debug */ = {
			isa = XCBuildConfiguration;
			buildSettings = {
				ALWAYS_EMBED_SWIFT_STANDARD_LIBRARIES = YES;
				BUNDLE_LOADER = "$(TEST_HOST)";
				CODE_SIGN_STYLE = Automatic;
				CURRENT_PROJECT_VERSION = 1;
				GENERATE_INFOPLIST_FILE = YES;
				IPHONEOS_DEPLOYMENT_TARGET = 17.4;
				MARKETING_VERSION = 1.0;
				PRODUCT_BUNDLE_IDENTIFIER = KKM.CarrotMarketTests;
				PRODUCT_NAME = "$(TARGET_NAME)";
				SWIFT_EMIT_LOC_STRINGS = NO;
				SWIFT_VERSION = 5.0;
				TARGETED_DEVICE_FAMILY = "1,2";
				TEST_HOST = "$(BUILT_PRODUCTS_DIR)/CarrotMarket.app/$(BUNDLE_EXECUTABLE_FOLDER_PATH)/CarrotMarket";
			};
			name = Debug;
		};
		7BDC82B22BDF99DA008BCB12 /* Release */ = {
			isa = XCBuildConfiguration;
			buildSettings = {
				ALWAYS_EMBED_SWIFT_STANDARD_LIBRARIES = YES;
				BUNDLE_LOADER = "$(TEST_HOST)";
				CODE_SIGN_STYLE = Automatic;
				CURRENT_PROJECT_VERSION = 1;
				GENERATE_INFOPLIST_FILE = YES;
				IPHONEOS_DEPLOYMENT_TARGET = 17.4;
				MARKETING_VERSION = 1.0;
				PRODUCT_BUNDLE_IDENTIFIER = KKM.CarrotMarketTests;
				PRODUCT_NAME = "$(TARGET_NAME)";
				SWIFT_EMIT_LOC_STRINGS = NO;
				SWIFT_VERSION = 5.0;
				TARGETED_DEVICE_FAMILY = "1,2";
				TEST_HOST = "$(BUILT_PRODUCTS_DIR)/CarrotMarket.app/$(BUNDLE_EXECUTABLE_FOLDER_PATH)/CarrotMarket";
			};
			name = Release;
		};
		7BDC82B42BDF99DA008BCB12 /* Debug */ = {
			isa = XCBuildConfiguration;
			buildSettings = {
				ALWAYS_EMBED_SWIFT_STANDARD_LIBRARIES = YES;
				CODE_SIGN_STYLE = Automatic;
				CURRENT_PROJECT_VERSION = 1;
				GENERATE_INFOPLIST_FILE = YES;
				MARKETING_VERSION = 1.0;
				PRODUCT_BUNDLE_IDENTIFIER = KKM.CarrotMarketUITests;
				PRODUCT_NAME = "$(TARGET_NAME)";
				SWIFT_EMIT_LOC_STRINGS = NO;
				SWIFT_VERSION = 5.0;
				TARGETED_DEVICE_FAMILY = "1,2";
				TEST_TARGET_NAME = CarrotMarket;
			};
			name = Debug;
		};
		7BDC82B52BDF99DA008BCB12 /* Release */ = {
			isa = XCBuildConfiguration;
			buildSettings = {
				ALWAYS_EMBED_SWIFT_STANDARD_LIBRARIES = YES;
				CODE_SIGN_STYLE = Automatic;
				CURRENT_PROJECT_VERSION = 1;
				GENERATE_INFOPLIST_FILE = YES;
				MARKETING_VERSION = 1.0;
				PRODUCT_BUNDLE_IDENTIFIER = KKM.CarrotMarketUITests;
				PRODUCT_NAME = "$(TARGET_NAME)";
				SWIFT_EMIT_LOC_STRINGS = NO;
				SWIFT_VERSION = 5.0;
				TARGETED_DEVICE_FAMILY = "1,2";
				TEST_TARGET_NAME = CarrotMarket;
			};
			name = Release;
		};
/* End XCBuildConfiguration section */

/* Begin XCConfigurationList section */
		7BDC827E2BDF99D8008BCB12 /* Build configuration list for PBXProject "CarrotMarket" */ = {
			isa = XCConfigurationList;
			buildConfigurations = (
				7BDC82AB2BDF99DA008BCB12 /* Debug */,
				7BDC82AC2BDF99DA008BCB12 /* Release */,
			);
			defaultConfigurationIsVisible = 0;
			defaultConfigurationName = Release;
		};
		7BDC82AD2BDF99DA008BCB12 /* Build configuration list for PBXNativeTarget "CarrotMarket" */ = {
			isa = XCConfigurationList;
			buildConfigurations = (
				7BDC82AE2BDF99DA008BCB12 /* Debug */,
				7BDC82AF2BDF99DA008BCB12 /* Release */,
			);
			defaultConfigurationIsVisible = 0;
			defaultConfigurationName = Release;
		};
		7BDC82B02BDF99DA008BCB12 /* Build configuration list for PBXNativeTarget "CarrotMarketTests" */ = {
			isa = XCConfigurationList;
			buildConfigurations = (
				7BDC82B12BDF99DA008BCB12 /* Debug */,
				7BDC82B22BDF99DA008BCB12 /* Release */,
			);
			defaultConfigurationIsVisible = 0;
			defaultConfigurationName = Release;
		};
		7BDC82B32BDF99DA008BCB12 /* Build configuration list for PBXNativeTarget "CarrotMarketUITests" */ = {
			isa = XCConfigurationList;
			buildConfigurations = (
				7BDC82B42BDF99DA008BCB12 /* Debug */,
				7BDC82B52BDF99DA008BCB12 /* Release */,
			);
			defaultConfigurationIsVisible = 0;
			defaultConfigurationName = Release;
		};
/* End XCConfigurationList section */
	};
	rootObject = 7BDC827B2BDF99D8008BCB12 /* Project object */;
}
