// !$*UTF8*$!
{
	archiveVersion = 1;
	classes = {
	};
	objectVersion = 56;
	objects = {

/* Begin PBXBuildFile section */
		7B2F2DBC2BC14F4B00F80DDB /* BMDOHYEON_otf.otf in Resources */ = {isa = PBXBuildFile; fileRef = 7B2F2DBB2BC14F4B00F80DDB /* BMDOHYEON_otf.otf */; };
		7B2F2DBD2BC14F4B00F80DDB /* BMDOHYEON_otf.otf in Resources */ = {isa = PBXBuildFile; fileRef = 7B2F2DBB2BC14F4B00F80DDB /* BMDOHYEON_otf.otf */; };
		7B2F2DBE2BC14F4B00F80DDB /* BMDOHYEON_otf.otf in Resources */ = {isa = PBXBuildFile; fileRef = 7B2F2DBB2BC14F4B00F80DDB /* BMDOHYEON_otf.otf */; };
		7B3D6CC22BC1369300F8CAD5 /* AppDelegate.swift in Sources */ = {isa = PBXBuildFile; fileRef = 7B3D6CC12BC1369300F8CAD5 /* AppDelegate.swift */; };
		7B3D6CC42BC1369300F8CAD5 /* SceneDelegate.swift in Sources */ = {isa = PBXBuildFile; fileRef = 7B3D6CC32BC1369300F8CAD5 /* SceneDelegate.swift */; };
		7B3D6CC62BC1369300F8CAD5 /* ViewController.swift in Sources */ = {isa = PBXBuildFile; fileRef = 7B3D6CC52BC1369300F8CAD5 /* ViewController.swift */; };
		7B3D6CC92BC1369300F8CAD5 /* Base in Resources */ = {isa = PBXBuildFile; fileRef = 7B3D6CC82BC1369300F8CAD5 /* Base */; };
		7B3D6CCB2BC1369400F8CAD5 /* Assets.xcassets in Resources */ = {isa = PBXBuildFile; fileRef = 7B3D6CCA2BC1369400F8CAD5 /* Assets.xcassets */; };
		7B3D6CCE2BC1369400F8CAD5 /* Base in Resources */ = {isa = PBXBuildFile; fileRef = 7B3D6CCD2BC1369400F8CAD5 /* Base */; };
		7B3D6CD92BC1369400F8CAD5 /* DeliveryTests.swift in Sources */ = {isa = PBXBuildFile; fileRef = 7B3D6CD82BC1369400F8CAD5 /* DeliveryTests.swift */; };
		7B3D6CE32BC1369400F8CAD5 /* DeliveryUITests.swift in Sources */ = {isa = PBXBuildFile; fileRef = 7B3D6CE22BC1369400F8CAD5 /* DeliveryUITests.swift */; };
		7B3D6CE52BC1369400F8CAD5 /* DeliveryUITestsLaunchTests.swift in Sources */ = {isa = PBXBuildFile; fileRef = 7B3D6CE42BC1369400F8CAD5 /* DeliveryUITestsLaunchTests.swift */; };
/* End PBXBuildFile section */

/* Begin PBXContainerItemProxy section */
		7B3D6CD52BC1369400F8CAD5 /* PBXContainerItemProxy */ = {
			isa = PBXContainerItemProxy;
			containerPortal = 7B3D6CB62BC1369300F8CAD5 /* Project object */;
			proxyType = 1;
			remoteGlobalIDString = 7B3D6CBD2BC1369300F8CAD5;
			remoteInfo = Delivery;
		};
		7B3D6CDF2BC1369400F8CAD5 /* PBXContainerItemProxy */ = {
			isa = PBXContainerItemProxy;
			containerPortal = 7B3D6CB62BC1369300F8CAD5 /* Project object */;
			proxyType = 1;
			remoteGlobalIDString = 7B3D6CBD2BC1369300F8CAD5;
			remoteInfo = Delivery;
		};
/* End PBXContainerItemProxy section */

/* Begin PBXFileReference section */
		7B2F2DBB2BC14F4B00F80DDB /* BMDOHYEON_otf.otf */ = {isa = PBXFileReference; lastKnownFileType = file; path = BMDOHYEON_otf.otf; sourceTree = "<group>"; };
		7B3D6CBE2BC1369300F8CAD5 /* Delivery.app */ = {isa = PBXFileReference; explicitFileType = wrapper.application; includeInIndex = 0; path = Delivery.app; sourceTree = BUILT_PRODUCTS_DIR; };
		7B3D6CC12BC1369300F8CAD5 /* AppDelegate.swift */ = {isa = PBXFileReference; lastKnownFileType = sourcecode.swift; path = AppDelegate.swift; sourceTree = "<group>"; };
		7B3D6CC32BC1369300F8CAD5 /* SceneDelegate.swift */ = {isa = PBXFileReference; lastKnownFileType = sourcecode.swift; path = SceneDelegate.swift; sourceTree = "<group>"; };
		7B3D6CC52BC1369300F8CAD5 /* ViewController.swift */ = {isa = PBXFileReference; lastKnownFileType = sourcecode.swift; path = ViewController.swift; sourceTree = "<group>"; };
		7B3D6CC82BC1369300F8CAD5 /* Base */ = {isa = PBXFileReference; lastKnownFileType = file.storyboard; name = Base; path = Base.lproj/Main.storyboard; sourceTree = "<group>"; };
		7B3D6CCA2BC1369400F8CAD5 /* Assets.xcassets */ = {isa = PBXFileReference; lastKnownFileType = folder.assetcatalog; path = Assets.xcassets; sourceTree = "<group>"; };
		7B3D6CCD2BC1369400F8CAD5 /* Base */ = {isa = PBXFileReference; lastKnownFileType = file.storyboard; name = Base; path = Base.lproj/LaunchScreen.storyboard; sourceTree = "<group>"; };
		7B3D6CCF2BC1369400F8CAD5 /* Info.plist */ = {isa = PBXFileReference; lastKnownFileType = text.plist.xml; path = Info.plist; sourceTree = "<group>"; };
		7B3D6CD42BC1369400F8CAD5 /* DeliveryTests.xctest */ = {isa = PBXFileReference; explicitFileType = wrapper.cfbundle; includeInIndex = 0; path = DeliveryTests.xctest; sourceTree = BUILT_PRODUCTS_DIR; };
		7B3D6CD82BC1369400F8CAD5 /* DeliveryTests.swift */ = {isa = PBXFileReference; lastKnownFileType = sourcecode.swift; path = DeliveryTests.swift; sourceTree = "<group>"; };
		7B3D6CDE2BC1369400F8CAD5 /* DeliveryUITests.xctest */ = {isa = PBXFileReference; explicitFileType = wrapper.cfbundle; includeInIndex = 0; path = DeliveryUITests.xctest; sourceTree = BUILT_PRODUCTS_DIR; };
		7B3D6CE22BC1369400F8CAD5 /* DeliveryUITests.swift */ = {isa = PBXFileReference; lastKnownFileType = sourcecode.swift; path = DeliveryUITests.swift; sourceTree = "<group>"; };
		7B3D6CE42BC1369400F8CAD5 /* DeliveryUITestsLaunchTests.swift */ = {isa = PBXFileReference; lastKnownFileType = sourcecode.swift; path = DeliveryUITestsLaunchTests.swift; sourceTree = "<group>"; };
/* End PBXFileReference section */

/* Begin PBXFrameworksBuildPhase section */
		7B3D6CBB2BC1369300F8CAD5 /* Frameworks */ = {
			isa = PBXFrameworksBuildPhase;
			buildActionMask = 2147483647;
			files = (
			);
			runOnlyForDeploymentPostprocessing = 0;
		};
		7B3D6CD12BC1369400F8CAD5 /* Frameworks */ = {
			isa = PBXFrameworksBuildPhase;
			buildActionMask = 2147483647;
			files = (
			);
			runOnlyForDeploymentPostprocessing = 0;
		};
		7B3D6CDB2BC1369400F8CAD5 /* Frameworks */ = {
			isa = PBXFrameworksBuildPhase;
			buildActionMask = 2147483647;
			files = (
			);
			runOnlyForDeploymentPostprocessing = 0;
		};
/* End PBXFrameworksBuildPhase section */

/* Begin PBXGroup section */
		7B2F2DBA2BC14F2400F80DDB /* Fonts */ = {
			isa = PBXGroup;
			children = (
				7B2F2DBB2BC14F4B00F80DDB /* BMDOHYEON_otf.otf */,
			);
			path = Fonts;
			sourceTree = "<group>";
		};
		7B3D6CB52BC1369300F8CAD5 = {
			isa = PBXGroup;
			children = (
				7B3D6CC02BC1369300F8CAD5 /* Delivery */,
				7B3D6CD72BC1369400F8CAD5 /* DeliveryTests */,
				7B3D6CE12BC1369400F8CAD5 /* DeliveryUITests */,
				7B3D6CBF2BC1369300F8CAD5 /* Products */,
			);
			sourceTree = "<group>";
		};
		7B3D6CBF2BC1369300F8CAD5 /* Products */ = {
			isa = PBXGroup;
			children = (
				7B3D6CBE2BC1369300F8CAD5 /* Delivery.app */,
				7B3D6CD42BC1369400F8CAD5 /* DeliveryTests.xctest */,
				7B3D6CDE2BC1369400F8CAD5 /* DeliveryUITests.xctest */,
			);
			name = Products;
			sourceTree = "<group>";
		};
		7B3D6CC02BC1369300F8CAD5 /* Delivery */ = {
			isa = PBXGroup;
			children = (
				7B2F2DBA2BC14F2400F80DDB /* Fonts */,
				7B3D6CC12BC1369300F8CAD5 /* AppDelegate.swift */,
				7B3D6CC32BC1369300F8CAD5 /* SceneDelegate.swift */,
				7B3D6CC52BC1369300F8CAD5 /* ViewController.swift */,
				7B3D6CC72BC1369300F8CAD5 /* Main.storyboard */,
				7B3D6CCA2BC1369400F8CAD5 /* Assets.xcassets */,
				7B3D6CCC2BC1369400F8CAD5 /* LaunchScreen.storyboard */,
				7B3D6CCF2BC1369400F8CAD5 /* Info.plist */,
			);
			path = Delivery;
			sourceTree = "<group>";
		};
		7B3D6CD72BC1369400F8CAD5 /* DeliveryTests */ = {
			isa = PBXGroup;
			children = (
				7B3D6CD82BC1369400F8CAD5 /* DeliveryTests.swift */,
			);
			path = DeliveryTests;
			sourceTree = "<group>";
		};
		7B3D6CE12BC1369400F8CAD5 /* DeliveryUITests */ = {
			isa = PBXGroup;
			children = (
				7B3D6CE22BC1369400F8CAD5 /* DeliveryUITests.swift */,
				7B3D6CE42BC1369400F8CAD5 /* DeliveryUITestsLaunchTests.swift */,
			);
			path = DeliveryUITests;
			sourceTree = "<group>";
		};
/* End PBXGroup section */

/* Begin PBXNativeTarget section */
		7B3D6CBD2BC1369300F8CAD5 /* Delivery */ = {
			isa = PBXNativeTarget;
			buildConfigurationList = 7B3D6CE82BC1369400F8CAD5 /* Build configuration list for PBXNativeTarget "Delivery" */;
			buildPhases = (
				7B3D6CBA2BC1369300F8CAD5 /* Sources */,
				7B3D6CBB2BC1369300F8CAD5 /* Frameworks */,
				7B3D6CBC2BC1369300F8CAD5 /* Resources */,
			);
			buildRules = (
			);
			dependencies = (
			);
			name = Delivery;
			productName = Delivery;
			productReference = 7B3D6CBE2BC1369300F8CAD5 /* Delivery.app */;
			productType = "com.apple.product-type.application";
		};
		7B3D6CD32BC1369400F8CAD5 /* DeliveryTests */ = {
			isa = PBXNativeTarget;
			buildConfigurationList = 7B3D6CEB2BC1369400F8CAD5 /* Build configuration list for PBXNativeTarget "DeliveryTests" */;
			buildPhases = (
				7B3D6CD02BC1369400F8CAD5 /* Sources */,
				7B3D6CD12BC1369400F8CAD5 /* Frameworks */,
				7B3D6CD22BC1369400F8CAD5 /* Resources */,
			);
			buildRules = (
			);
			dependencies = (
				7B3D6CD62BC1369400F8CAD5 /* PBXTargetDependency */,
			);
			name = DeliveryTests;
			productName = DeliveryTests;
			productReference = 7B3D6CD42BC1369400F8CAD5 /* DeliveryTests.xctest */;
			productType = "com.apple.product-type.bundle.unit-test";
		};
		7B3D6CDD2BC1369400F8CAD5 /* DeliveryUITests */ = {
			isa = PBXNativeTarget;
			buildConfigurationList = 7B3D6CEE2BC1369400F8CAD5 /* Build configuration list for PBXNativeTarget "DeliveryUITests" */;
			buildPhases = (
				7B3D6CDA2BC1369400F8CAD5 /* Sources */,
				7B3D6CDB2BC1369400F8CAD5 /* Frameworks */,
				7B3D6CDC2BC1369400F8CAD5 /* Resources */,
			);
			buildRules = (
			);
			dependencies = (
				7B3D6CE02BC1369400F8CAD5 /* PBXTargetDependency */,
			);
			name = DeliveryUITests;
			productName = DeliveryUITests;
			productReference = 7B3D6CDE2BC1369400F8CAD5 /* DeliveryUITests.xctest */;
			productType = "com.apple.product-type.bundle.ui-testing";
		};
/* End PBXNativeTarget section */

/* Begin PBXProject section */
		7B3D6CB62BC1369300F8CAD5 /* Project object */ = {
			isa = PBXProject;
			attributes = {
				BuildIndependentTargetsInParallel = 1;
				LastSwiftUpdateCheck = 1530;
				LastUpgradeCheck = 1530;
				TargetAttributes = {
					7B3D6CBD2BC1369300F8CAD5 = {
						CreatedOnToolsVersion = 15.3;
					};
					7B3D6CD32BC1369400F8CAD5 = {
						CreatedOnToolsVersion = 15.3;
						TestTargetID = 7B3D6CBD2BC1369300F8CAD5;
					};
					7B3D6CDD2BC1369400F8CAD5 = {
						CreatedOnToolsVersion = 15.3;
						TestTargetID = 7B3D6CBD2BC1369300F8CAD5;
					};
				};
			};
			buildConfigurationList = 7B3D6CB92BC1369300F8CAD5 /* Build configuration list for PBXProject "Delivery" */;
			compatibilityVersion = "Xcode 14.0";
			developmentRegion = en;
			hasScannedForEncodings = 0;
			knownRegions = (
				en,
				Base,
			);
			mainGroup = 7B3D6CB52BC1369300F8CAD5;
			productRefGroup = 7B3D6CBF2BC1369300F8CAD5 /* Products */;
			projectDirPath = "";
			projectRoot = "";
			targets = (
				7B3D6CBD2BC1369300F8CAD5 /* Delivery */,
				7B3D6CD32BC1369400F8CAD5 /* DeliveryTests */,
				7B3D6CDD2BC1369400F8CAD5 /* DeliveryUITests */,
			);
		};
/* End PBXProject section */

/* Begin PBXResourcesBuildPhase section */
		7B3D6CBC2BC1369300F8CAD5 /* Resources */ = {
			isa = PBXResourcesBuildPhase;
			buildActionMask = 2147483647;
			files = (
				7B3D6CCB2BC1369400F8CAD5 /* Assets.xcassets in Resources */,
				7B2F2DBC2BC14F4B00F80DDB /* BMDOHYEON_otf.otf in Resources */,
				7B3D6CCE2BC1369400F8CAD5 /* Base in Resources */,
				7B3D6CC92BC1369300F8CAD5 /* Base in Resources */,
			);
			runOnlyForDeploymentPostprocessing = 0;
		};
		7B3D6CD22BC1369400F8CAD5 /* Resources */ = {
			isa = PBXResourcesBuildPhase;
			buildActionMask = 2147483647;
			files = (
				7B2F2DBD2BC14F4B00F80DDB /* BMDOHYEON_otf.otf in Resources */,
			);
			runOnlyForDeploymentPostprocessing = 0;
		};
		7B3D6CDC2BC1369400F8CAD5 /* Resources */ = {
			isa = PBXResourcesBuildPhase;
			buildActionMask = 2147483647;
			files = (
				7B2F2DBE2BC14F4B00F80DDB /* BMDOHYEON_otf.otf in Resources */,
			);
			runOnlyForDeploymentPostprocessing = 0;
		};
/* End PBXResourcesBuildPhase section */

/* Begin PBXSourcesBuildPhase section */
		7B3D6CBA2BC1369300F8CAD5 /* Sources */ = {
			isa = PBXSourcesBuildPhase;
			buildActionMask = 2147483647;
			files = (
				7B3D6CC62BC1369300F8CAD5 /* ViewController.swift in Sources */,
				7B3D6CC22BC1369300F8CAD5 /* AppDelegate.swift in Sources */,
				7B3D6CC42BC1369300F8CAD5 /* SceneDelegate.swift in Sources */,
			);
			runOnlyForDeploymentPostprocessing = 0;
		};
		7B3D6CD02BC1369400F8CAD5 /* Sources */ = {
			isa = PBXSourcesBuildPhase;
			buildActionMask = 2147483647;
			files = (
				7B3D6CD92BC1369400F8CAD5 /* DeliveryTests.swift in Sources */,
			);
			runOnlyForDeploymentPostprocessing = 0;
		};
		7B3D6CDA2BC1369400F8CAD5 /* Sources */ = {
			isa = PBXSourcesBuildPhase;
			buildActionMask = 2147483647;
			files = (
				7B3D6CE52BC1369400F8CAD5 /* DeliveryUITestsLaunchTests.swift in Sources */,
				7B3D6CE32BC1369400F8CAD5 /* DeliveryUITests.swift in Sources */,
			);
			runOnlyForDeploymentPostprocessing = 0;
		};
/* End PBXSourcesBuildPhase section */

/* Begin PBXTargetDependency section */
		7B3D6CD62BC1369400F8CAD5 /* PBXTargetDependency */ = {
			isa = PBXTargetDependency;
			target = 7B3D6CBD2BC1369300F8CAD5 /* Delivery */;
			targetProxy = 7B3D6CD52BC1369400F8CAD5 /* PBXContainerItemProxy */;
		};
		7B3D6CE02BC1369400F8CAD5 /* PBXTargetDependency */ = {
			isa = PBXTargetDependency;
			target = 7B3D6CBD2BC1369300F8CAD5 /* Delivery */;
			targetProxy = 7B3D6CDF2BC1369400F8CAD5 /* PBXContainerItemProxy */;
		};
/* End PBXTargetDependency section */

/* Begin PBXVariantGroup section */
		7B3D6CC72BC1369300F8CAD5 /* Main.storyboard */ = {
			isa = PBXVariantGroup;
			children = (
				7B3D6CC82BC1369300F8CAD5 /* Base */,
			);
			name = Main.storyboard;
			sourceTree = "<group>";
		};
		7B3D6CCC2BC1369400F8CAD5 /* LaunchScreen.storyboard */ = {
			isa = PBXVariantGroup;
			children = (
				7B3D6CCD2BC1369400F8CAD5 /* Base */,
			);
			name = LaunchScreen.storyboard;
			sourceTree = "<group>";
		};
/* End PBXVariantGroup section */

/* Begin XCBuildConfiguration section */
		7B3D6CE62BC1369400F8CAD5 /* Debug */ = {
			isa = XCBuildConfiguration;
			buildSettings = {
				ALWAYS_SEARCH_USER_PATHS = NO;
				ASSETCATALOG_COMPILER_GENERATE_SWIFT_ASSET_SYMBOL_EXTENSIONS = YES;
				CLANG_ANALYZER_NONNULL = YES;
				CLANG_ANALYZER_NUMBER_OBJECT_CONVERSION = YES_AGGRESSIVE;
				CLANG_CXX_LANGUAGE_STANDARD = "gnu++20";
				CLANG_ENABLE_MODULES = YES;
				CLANG_ENABLE_OBJC_ARC = YES;
				CLANG_ENABLE_OBJC_WEAK = YES;
				CLANG_WARN_BLOCK_CAPTURE_AUTORELEASING = YES;
				CLANG_WARN_BOOL_CONVERSION = YES;
				CLANG_WARN_COMMA = YES;
				CLANG_WARN_CONSTANT_CONVERSION = YES;
				CLANG_WARN_DEPRECATED_OBJC_IMPLEMENTATIONS = YES;
				CLANG_WARN_DIRECT_OBJC_ISA_USAGE = YES_ERROR;
				CLANG_WARN_DOCUMENTATION_COMMENTS = YES;
				CLANG_WARN_EMPTY_BODY = YES;
				CLANG_WARN_ENUM_CONVERSION = YES;
				CLANG_WARN_INFINITE_RECURSION = YES;
				CLANG_WARN_INT_CONVERSION = YES;
				CLANG_WARN_NON_LITERAL_NULL_CONVERSION = YES;
				CLANG_WARN_OBJC_IMPLICIT_RETAIN_SELF = YES;
				CLANG_WARN_OBJC_LITERAL_CONVERSION = YES;
				CLANG_WARN_OBJC_ROOT_CLASS = YES_ERROR;
				CLANG_WARN_QUOTED_INCLUDE_IN_FRAMEWORK_HEADER = YES;
				CLANG_WARN_RANGE_LOOP_ANALYSIS = YES;
				CLANG_WARN_STRICT_PROTOTYPES = YES;
				CLANG_WARN_SUSPICIOUS_MOVE = YES;
				CLANG_WARN_UNGUARDED_AVAILABILITY = YES_AGGRESSIVE;
				CLANG_WARN_UNREACHABLE_CODE = YES;
				CLANG_WARN__DUPLICATE_METHOD_MATCH = YES;
				COPY_PHASE_STRIP = NO;
				DEBUG_INFORMATION_FORMAT = dwarf;
				ENABLE_STRICT_OBJC_MSGSEND = YES;
				ENABLE_TESTABILITY = YES;
				ENABLE_USER_SCRIPT_SANDBOXING = YES;
				GCC_C_LANGUAGE_STANDARD = gnu17;
				GCC_DYNAMIC_NO_PIC = NO;
				GCC_NO_COMMON_BLOCKS = YES;
				GCC_OPTIMIZATION_LEVEL = 0;
				GCC_PREPROCESSOR_DEFINITIONS = (
					"DEBUG=1",
					"$(inherited)",
				);
				GCC_WARN_64_TO_32_BIT_CONVERSION = YES;
				GCC_WARN_ABOUT_RETURN_TYPE = YES_ERROR;
				GCC_WARN_UNDECLARED_SELECTOR = YES;
				GCC_WARN_UNINITIALIZED_AUTOS = YES_AGGRESSIVE;
				GCC_WARN_UNUSED_FUNCTION = YES;
				GCC_WARN_UNUSED_VARIABLE = YES;
				IPHONEOS_DEPLOYMENT_TARGET = 17.4;
				LOCALIZATION_PREFERS_STRING_CATALOGS = YES;
				MTL_ENABLE_DEBUG_INFO = INCLUDE_SOURCE;
				MTL_FAST_MATH = YES;
				ONLY_ACTIVE_ARCH = YES;
				SDKROOT = iphoneos;
				SWIFT_ACTIVE_COMPILATION_CONDITIONS = "DEBUG $(inherited)";
				SWIFT_OPTIMIZATION_LEVEL = "-Onone";
			};
			name = Debug;
		};
		7B3D6CE72BC1369400F8CAD5 /* Release */ = {
			isa = XCBuildConfiguration;
			buildSettings = {
				ALWAYS_SEARCH_USER_PATHS = NO;
				ASSETCATALOG_COMPILER_GENERATE_SWIFT_ASSET_SYMBOL_EXTENSIONS = YES;
				CLANG_ANALYZER_NONNULL = YES;
				CLANG_ANALYZER_NUMBER_OBJECT_CONVERSION = YES_AGGRESSIVE;
				CLANG_CXX_LANGUAGE_STANDARD = "gnu++20";
				CLANG_ENABLE_MODULES = YES;
				CLANG_ENABLE_OBJC_ARC = YES;
				CLANG_ENABLE_OBJC_WEAK = YES;
				CLANG_WARN_BLOCK_CAPTURE_AUTORELEASING = YES;
				CLANG_WARN_BOOL_CONVERSION = YES;
				CLANG_WARN_COMMA = YES;
				CLANG_WARN_CONSTANT_CONVERSION = YES;
				CLANG_WARN_DEPRECATED_OBJC_IMPLEMENTATIONS = YES;
				CLANG_WARN_DIRECT_OBJC_ISA_USAGE = YES_ERROR;
				CLANG_WARN_DOCUMENTATION_COMMENTS = YES;
				CLANG_WARN_EMPTY_BODY = YES;
				CLANG_WARN_ENUM_CONVERSION = YES;
				CLANG_WARN_INFINITE_RECURSION = YES;
				CLANG_WARN_INT_CONVERSION = YES;
				CLANG_WARN_NON_LITERAL_NULL_CONVERSION = YES;
				CLANG_WARN_OBJC_IMPLICIT_RETAIN_SELF = YES;
				CLANG_WARN_OBJC_LITERAL_CONVERSION = YES;
				CLANG_WARN_OBJC_ROOT_CLASS = YES_ERROR;
				CLANG_WARN_QUOTED_INCLUDE_IN_FRAMEWORK_HEADER = YES;
				CLANG_WARN_RANGE_LOOP_ANALYSIS = YES;
				CLANG_WARN_STRICT_PROTOTYPES = YES;
				CLANG_WARN_SUSPICIOUS_MOVE = YES;
				CLANG_WARN_UNGUARDED_AVAILABILITY = YES_AGGRESSIVE;
				CLANG_WARN_UNREACHABLE_CODE = YES;
				CLANG_WARN__DUPLICATE_METHOD_MATCH = YES;
				COPY_PHASE_STRIP = NO;
				DEBUG_INFORMATION_FORMAT = "dwarf-with-dsym";
				ENABLE_NS_ASSERTIONS = NO;
				ENABLE_STRICT_OBJC_MSGSEND = YES;
				ENABLE_USER_SCRIPT_SANDBOXING = YES;
				GCC_C_LANGUAGE_STANDARD = gnu17;
				GCC_NO_COMMON_BLOCKS = YES;
				GCC_WARN_64_TO_32_BIT_CONVERSION = YES;
				GCC_WARN_ABOUT_RETURN_TYPE = YES_ERROR;
				GCC_WARN_UNDECLARED_SELECTOR = YES;
				GCC_WARN_UNINITIALIZED_AUTOS = YES_AGGRESSIVE;
				GCC_WARN_UNUSED_FUNCTION = YES;
				GCC_WARN_UNUSED_VARIABLE = YES;
				IPHONEOS_DEPLOYMENT_TARGET = 17.4;
				LOCALIZATION_PREFERS_STRING_CATALOGS = YES;
				MTL_ENABLE_DEBUG_INFO = NO;
				MTL_FAST_MATH = YES;
				SDKROOT = iphoneos;
				SWIFT_COMPILATION_MODE = wholemodule;
				VALIDATE_PRODUCT = YES;
			};
			name = Release;
		};
		7B3D6CE92BC1369400F8CAD5 /* Debug */ = {
			isa = XCBuildConfiguration;
			buildSettings = {
				ASSETCATALOG_COMPILER_APPICON_NAME = AppIcon;
				ASSETCATALOG_COMPILER_GLOBAL_ACCENT_COLOR_NAME = AccentColor;
				CODE_SIGN_STYLE = Automatic;
				CURRENT_PROJECT_VERSION = 1;
				GENERATE_INFOPLIST_FILE = YES;
				INFOPLIST_FILE = Delivery/Info.plist;
				INFOPLIST_KEY_UIApplicationSupportsIndirectInputEvents = YES;
				INFOPLIST_KEY_UILaunchStoryboardName = LaunchScreen;
				INFOPLIST_KEY_UIMainStoryboardFile = Main;
				INFOPLIST_KEY_UISupportedInterfaceOrientations_iPad = "UIInterfaceOrientationPortrait UIInterfaceOrientationPortraitUpsideDown UIInterfaceOrientationLandscapeLeft UIInterfaceOrientationLandscapeRight";
				INFOPLIST_KEY_UISupportedInterfaceOrientations_iPhone = "UIInterfaceOrientationPortrait UIInterfaceOrientationLandscapeLeft UIInterfaceOrientationLandscapeRight";
				LD_RUNPATH_SEARCH_PATHS = (
					"$(inherited)",
					"@executable_path/Frameworks",
				);
				MARKETING_VERSION = 1.0;
				PRODUCT_BUNDLE_IDENTIFIER = KKM.Delivery;
				PRODUCT_NAME = "$(TARGET_NAME)";
				SWIFT_EMIT_LOC_STRINGS = YES;
				SWIFT_VERSION = 5.0;
				TARGETED_DEVICE_FAMILY = "1,2";
			};
			name = Debug;
		};
		7B3D6CEA2BC1369400F8CAD5 /* Release */ = {
			isa = XCBuildConfiguration;
			buildSettings = {
				ASSETCATALOG_COMPILER_APPICON_NAME = AppIcon;
				ASSETCATALOG_COMPILER_GLOBAL_ACCENT_COLOR_NAME = AccentColor;
				CODE_SIGN_STYLE = Automatic;
				CURRENT_PROJECT_VERSION = 1;
				GENERATE_INFOPLIST_FILE = YES;
				INFOPLIST_FILE = Delivery/Info.plist;
				INFOPLIST_KEY_UIApplicationSupportsIndirectInputEvents = YES;
				INFOPLIST_KEY_UILaunchStoryboardName = LaunchScreen;
				INFOPLIST_KEY_UIMainStoryboardFile = Main;
				INFOPLIST_KEY_UISupportedInterfaceOrientations_iPad = "UIInterfaceOrientationPortrait UIInterfaceOrientationPortraitUpsideDown UIInterfaceOrientationLandscapeLeft UIInterfaceOrientationLandscapeRight";
				INFOPLIST_KEY_UISupportedInterfaceOrientations_iPhone = "UIInterfaceOrientationPortrait UIInterfaceOrientationLandscapeLeft UIInterfaceOrientationLandscapeRight";
				LD_RUNPATH_SEARCH_PATHS = (
					"$(inherited)",
					"@executable_path/Frameworks",
				);
				MARKETING_VERSION = 1.0;
				PRODUCT_BUNDLE_IDENTIFIER = KKM.Delivery;
				PRODUCT_NAME = "$(TARGET_NAME)";
				SWIFT_EMIT_LOC_STRINGS = YES;
				SWIFT_VERSION = 5.0;
				TARGETED_DEVICE_FAMILY = "1,2";
			};
			name = Release;
		};
		7B3D6CEC2BC1369400F8CAD5 /* Debug */ = {
			isa = XCBuildConfiguration;
			buildSettings = {
				ALWAYS_EMBED_SWIFT_STANDARD_LIBRARIES = YES;
				BUNDLE_LOADER = "$(TEST_HOST)";
				CODE_SIGN_STYLE = Automatic;
				CURRENT_PROJECT_VERSION = 1;
				GENERATE_INFOPLIST_FILE = YES;
				IPHONEOS_DEPLOYMENT_TARGET = 17.4;
				MARKETING_VERSION = 1.0;
				PRODUCT_BUNDLE_IDENTIFIER = KKM.DeliveryTests;
				PRODUCT_NAME = "$(TARGET_NAME)";
				SWIFT_EMIT_LOC_STRINGS = NO;
				SWIFT_VERSION = 5.0;
				TARGETED_DEVICE_FAMILY = "1,2";
				TEST_HOST = "$(BUILT_PRODUCTS_DIR)/Delivery.app/$(BUNDLE_EXECUTABLE_FOLDER_PATH)/Delivery";
			};
			name = Debug;
		};
		7B3D6CED2BC1369400F8CAD5 /* Release */ = {
			isa = XCBuildConfiguration;
			buildSettings = {
				ALWAYS_EMBED_SWIFT_STANDARD_LIBRARIES = YES;
				BUNDLE_LOADER = "$(TEST_HOST)";
				CODE_SIGN_STYLE = Automatic;
				CURRENT_PROJECT_VERSION = 1;
				GENERATE_INFOPLIST_FILE = YES;
				IPHONEOS_DEPLOYMENT_TARGET = 17.4;
				MARKETING_VERSION = 1.0;
				PRODUCT_BUNDLE_IDENTIFIER = KKM.DeliveryTests;
				PRODUCT_NAME = "$(TARGET_NAME)";
				SWIFT_EMIT_LOC_STRINGS = NO;
				SWIFT_VERSION = 5.0;
				TARGETED_DEVICE_FAMILY = "1,2";
				TEST_HOST = "$(BUILT_PRODUCTS_DIR)/Delivery.app/$(BUNDLE_EXECUTABLE_FOLDER_PATH)/Delivery";
			};
			name = Release;
		};
		7B3D6CEF2BC1369400F8CAD5 /* Debug */ = {
			isa = XCBuildConfiguration;
			buildSettings = {
				ALWAYS_EMBED_SWIFT_STANDARD_LIBRARIES = YES;
				CODE_SIGN_STYLE = Automatic;
				CURRENT_PROJECT_VERSION = 1;
				GENERATE_INFOPLIST_FILE = YES;
				MARKETING_VERSION = 1.0;
				PRODUCT_BUNDLE_IDENTIFIER = KKM.DeliveryUITests;
				PRODUCT_NAME = "$(TARGET_NAME)";
				SWIFT_EMIT_LOC_STRINGS = NO;
				SWIFT_VERSION = 5.0;
				TARGETED_DEVICE_FAMILY = "1,2";
				TEST_TARGET_NAME = Delivery;
			};
			name = Debug;
		};
		7B3D6CF02BC1369400F8CAD5 /* Release */ = {
			isa = XCBuildConfiguration;
			buildSettings = {
				ALWAYS_EMBED_SWIFT_STANDARD_LIBRARIES = YES;
				CODE_SIGN_STYLE = Automatic;
				CURRENT_PROJECT_VERSION = 1;
				GENERATE_INFOPLIST_FILE = YES;
				MARKETING_VERSION = 1.0;
				PRODUCT_BUNDLE_IDENTIFIER = KKM.DeliveryUITests;
				PRODUCT_NAME = "$(TARGET_NAME)";
				SWIFT_EMIT_LOC_STRINGS = NO;
				SWIFT_VERSION = 5.0;
				TARGETED_DEVICE_FAMILY = "1,2";
				TEST_TARGET_NAME = Delivery;
			};
			name = Release;
		};
/* End XCBuildConfiguration section */

/* Begin XCConfigurationList section */
		7B3D6CB92BC1369300F8CAD5 /* Build configuration list for PBXProject "Delivery" */ = {
			isa = XCConfigurationList;
			buildConfigurations = (
				7B3D6CE62BC1369400F8CAD5 /* Debug */,
				7B3D6CE72BC1369400F8CAD5 /* Release */,
			);
			defaultConfigurationIsVisible = 0;
			defaultConfigurationName = Release;
		};
		7B3D6CE82BC1369400F8CAD5 /* Build configuration list for PBXNativeTarget "Delivery" */ = {
			isa = XCConfigurationList;
			buildConfigurations = (
				7B3D6CE92BC1369400F8CAD5 /* Debug */,
				7B3D6CEA2BC1369400F8CAD5 /* Release */,
			);
			defaultConfigurationIsVisible = 0;
			defaultConfigurationName = Release;
		};
		7B3D6CEB2BC1369400F8CAD5 /* Build configuration list for PBXNativeTarget "DeliveryTests" */ = {
			isa = XCConfigurationList;
			buildConfigurations = (
				7B3D6CEC2BC1369400F8CAD5 /* Debug */,
				7B3D6CED2BC1369400F8CAD5 /* Release */,
			);
			defaultConfigurationIsVisible = 0;
			defaultConfigurationName = Release;
		};
		7B3D6CEE2BC1369400F8CAD5 /* Build configuration list for PBXNativeTarget "DeliveryUITests" */ = {
			isa = XCConfigurationList;
			buildConfigurations = (
				7B3D6CEF2BC1369400F8CAD5 /* Debug */,
				7B3D6CF02BC1369400F8CAD5 /* Release */,
			);
			defaultConfigurationIsVisible = 0;
			defaultConfigurationName = Release;
		};
/* End XCConfigurationList section */
	};
	rootObject = 7B3D6CB62BC1369300F8CAD5 /* Project object */;
}
